{
  "name": "omniDiscover",
  "version": "1.0.0",
  "lockfileVersion": 1,
  "requires": true,
  "dependencies": {
    "@node-wot/binding-http": {
      "version": "0.7.8",
      "resolved": "https://registry.npmjs.org/@node-wot/binding-http/-/binding-http-0.7.8.tgz",
      "integrity": "sha512-zT5wfGsLBGbH1USJZ8D4IQ77qqI2iCjwq+6u8lIS9LW9D0q5it68srVB1VXUUxFVJiVjCPHW2VlcJ9E9U7F6/w==",
      "requires": {
        "@node-wot/core": "0.7.8",
        "@node-wot/td-tools": "0.7.8",
        "@types/eventsource": "^1.1.2",
        "accept-language-parser": "1.5.0",
        "basic-auth": "2.0.1",
        "client-oauth2": "^4.2.5",
        "eventsource": "^1.0.7",
        "node-fetch": "^2.6.0",
        "rxjs": "5.5.11",
        "slugify": "^1.4.5"
      }
    },
    "@node-wot/core": {
      "version": "0.7.8",
      "resolved": "https://registry.npmjs.org/@node-wot/core/-/core-0.7.8.tgz",
      "integrity": "sha512-eoeMWXYwZcSjjeO4IvWMAs12w0l8yDAnd24I6O2hJCJdCPbQVaw4cFHAsmpQjRUbm74qhN+YFAPCh78qeVvaWg==",
      "requires": {
        "@node-wot/td-tools": "0.7.8",
        "@petamoriken/float16": "^3.1.1",
        "@types/uritemplate": "0.3.4",
        "rxjs": "5.5.11",
        "uritemplate": "0.3.4",
        "uuid": "3.4.0",
        "vm2": "^3.9.2",
        "wot-typescript-definitions": "0.7.3"
      }
    },
    "@node-wot/td-tools": {
      "version": "0.7.8",
      "resolved": "https://registry.npmjs.org/@node-wot/td-tools/-/td-tools-0.7.8.tgz",
      "integrity": "sha512-aa6RmsnR4IfVZhodaZI1WTMzEc+z4p2UjFN6FAUW6CIb6ho0xhi3L5k9XsRxsb/T6GaB6whvyhVgp1bAdpkXpQ==",
      "requires": {
        "is-absolute-url": "3.0.3",
        "url-toolkit": "2.1.6",
        "wot-typescript-definitions": "0.7.3"
      }
    },
    "@petamoriken/float16": {
      "version": "3.6.2",
      "resolved": "https://registry.npmjs.org/@petamoriken/float16/-/float16-3.6.2.tgz",
      "integrity": "sha512-zZnksXtFBqvONcXWuAtSWrl3YXaDbU2ArRCCuzM42mP0GBJclD6e0GC3zEemmrjiMSOHcLPyRC4vOnAsnomJIw=="
    },
    "@servie/events": {
      "version": "1.0.0",
      "resolved": "https://registry.npmjs.org/@servie/events/-/events-1.0.0.tgz",
      "integrity": "sha512-sBSO19KzdrJCM3gdx6eIxV8M9Gxfgg6iDQmH5TIAGaUu+X9VDdsINXJOnoiZ1Kx3TrHdH4bt5UVglkjsEGBcvw=="
    },
    "@types/eventsource": {
      "version": "1.1.8",
      "resolved": "https://registry.npmjs.org/@types/eventsource/-/eventsource-1.1.8.tgz",
      "integrity": "sha512-fJQNt9LijJCZwYvM6O30uLzdpAK9zs52Uc9iUW9M2Zsg0HQM6DLf6QysjC/wuFX+0798B8AppVMvgdO6IftPKQ=="
    },
    "@types/tough-cookie": {
      "version": "2.3.8",
      "resolved": "https://registry.npmjs.org/@types/tough-cookie/-/tough-cookie-2.3.8.tgz",
      "integrity": "sha512-7axfYN8SW9pWg78NgenHasSproWQee5rzyPVLC9HpaQSDgNArsnKJD88EaMfi4Pl48AyciO3agYCFqpHS1gLpg=="
    },
    "@types/uritemplate": {
      "version": "0.3.4",
      "resolved": "https://registry.npmjs.org/@types/uritemplate/-/uritemplate-0.3.4.tgz",
      "integrity": "sha512-1D8mJEeQEXynoPQKJkneIK+tXaM2Qnk6c80RBQPV/O2ToypI4mlqXy5jojnYKjTX2Q+EMNMOWt0wNdLbb2MUpA=="
    },
    "accept-language-parser": {
      "version": "1.5.0",
      "resolved": "https://registry.npmjs.org/accept-language-parser/-/accept-language-parser-1.5.0.tgz",
      "integrity": "sha1-iHfFQECo3LWeCgfZwf3kIpgzR5E="
    },
    "acorn": {
      "version": "8.7.0",
      "resolved": "https://registry.npmjs.org/acorn/-/acorn-8.7.0.tgz",
      "integrity": "sha512-V/LGr1APy+PXIwKebEWrkZPwoeoF+w1jiOBUmuxuiUIaOHtob8Qc9BTrYo7VuI5fR8tqsy+buA2WFooR5olqvQ=="
    },
    "acorn-walk": {
      "version": "8.2.0",
      "resolved": "https://registry.npmjs.org/acorn-walk/-/acorn-walk-8.2.0.tgz",
      "integrity": "sha512-k+iyHEuPgSw6SbuDpGQM+06HQUa04DZ3o+F6CSzXMvvI5KMvnaEqXe+YVe555R9nn6GPt404fos4wcgpw12SDA=="
    },
    "any-promise": {
      "version": "1.3.0",
      "resolved": "https://registry.npmjs.org/any-promise/-/any-promise-1.3.0.tgz",
      "integrity": "sha1-q8av7tzqUugJzcA3au0845Y10X8="
    },
    "basic-auth": {
      "version": "2.0.1",
      "resolved": "https://registry.npmjs.org/basic-auth/-/basic-auth-2.0.1.tgz",
      "integrity": "sha512-NF+epuEdnUYVlGuhaxbbq+dvJttwLnGY+YixlXlME5KpQ5W3CnXA5cVTneY3SPbPDRkcjMbifrwmFYcClgOZeg==",
      "requires": {
        "safe-buffer": "5.1.2"
      }
    },
    "byte-length": {
      "version": "1.0.2",
      "resolved": "https://registry.npmjs.org/byte-length/-/byte-length-1.0.2.tgz",
      "integrity": "sha512-ovBpjmsgd/teRmgcPh23d4gJvxDoXtAzEL9xTfMU8Yc2kqCDb7L9jAG0XHl1nzuGl+h3ebCIF1i62UFyA9V/2Q=="
    },
    "cidr-regex": {
      "version": "1.0.7",
      "resolved": "https://registry.npmjs.org/cidr-regex/-/cidr-regex-1.0.7.tgz",
      "integrity": "sha1-N4L++3nIHX0zBpDN4xoP40Rf05s="
    },
    "client-oauth2": {
      "version": "4.3.3",
      "resolved": "https://registry.npmjs.org/client-oauth2/-/client-oauth2-4.3.3.tgz",
      "integrity": "sha512-k8AvUYJon0vv75ufoVo4nALYb/qwFFicO3I0+39C6xEdflqVtr+f9cy+0ZxAduoVSTfhP5DX2tY2XICAd5hy6Q==",
      "requires": {
        "popsicle": "^12.0.5",
        "safe-buffer": "^5.2.0"
      },
      "dependencies": {
        "safe-buffer": {
          "version": "5.2.1",
          "resolved": "https://registry.npmjs.org/safe-buffer/-/safe-buffer-5.2.1.tgz",
          "integrity": "sha512-rp3So07KcdmmKbGvgaNxQSJr7bGVSVk5S9Eq1F+ppbRo70+YeaDxkw5Dd8NPN+GD6bjnYm2VuPuCXmpuYvmCXQ=="
        }
      }
    },
    "eventsource": {
      "version": "1.1.0",
      "resolved": "https://registry.npmjs.org/eventsource/-/eventsource-1.1.0.tgz",
      "integrity": "sha512-VSJjT5oCNrFvCS6igjzPAt5hBzQ2qPBFIbJ03zLI9SE0mxwZpMw6BfJrbFHm1a141AavMEB8JHmBhWAd66PfCg==",
      "requires": {
        "original": "^1.0.0"
      }
    },
    "get-ip-range": {
      "version": "2.1.1",
      "resolved": "https://registry.npmjs.org/get-ip-range/-/get-ip-range-2.1.1.tgz",
      "integrity": "sha512-n401kTpf57VhbW2UvInXxhw1DgTJSsZf24gpNhJrFU8Cv+Jk/sQ+qukP2x0EF4MUEjDWlDLeIhIY/f80IV0kqg==",
      "requires": {
        "cidr-regex": "^1.0.7",
        "ip": "^1.1.5",
        "ip-address": "^6.1.0"
      }
    },
    "ip": {
      "version": "1.1.5",
      "resolved": "https://registry.npmjs.org/ip/-/ip-1.1.5.tgz",
      "integrity": "sha1-vd7XARQpCCjAoDnnLvJfWq7ENUo="
    },
    "ip-address": {
      "version": "6.4.0",
      "resolved": "https://registry.npmjs.org/ip-address/-/ip-address-6.4.0.tgz",
      "integrity": "sha512-c5uxc2WUTuRBVHT/6r4m7HIr/DfV0bF6DvLH3iZGSK8wp8iMwwZSgIq2do0asFf8q9ECug0SE+6+1ACMe4sorA==",
      "requires": {
        "jsbn": "1.1.0",
        "lodash.find": "4.6.0",
        "lodash.max": "4.0.1",
        "lodash.merge": "4.6.2",
        "lodash.padstart": "4.6.1",
        "lodash.repeat": "4.1.0",
        "sprintf-js": "1.1.2"
      }
    },
    "ip-regex": {
      "version": "2.1.0",
      "resolved": "https://registry.npmjs.org/ip-regex/-/ip-regex-2.1.0.tgz",
      "integrity": "sha1-+ni/XS5pE8kRzp+BnuUUa7bYROk="
    },
    "is-absolute-url": {
      "version": "3.0.3",
      "resolved": "https://registry.npmjs.org/is-absolute-url/-/is-absolute-url-3.0.3.tgz",
      "integrity": "sha512-opmNIX7uFnS96NtPmhWQgQx6/NYFgsUXYMllcfzwWKUMwfo8kku1TvE6hkNcH+Q1ts5cMVrsY7j0bxXQDciu9Q=="
    },
    "jsbn": {
      "version": "1.1.0",
      "resolved": "https://registry.npmjs.org/jsbn/-/jsbn-1.1.0.tgz",
      "integrity": "sha1-sBMHyym2GKHtJux56RH4A8TaAEA="
    },
    "local-devices": {
      "version": "3.2.0",
      "resolved": "https://registry.npmjs.org/local-devices/-/local-devices-3.2.0.tgz",
      "integrity": "sha512-JkWPXdFbu0l4nPXtINrcz8fkLA0WLMopmsHLvYsOMLnFx1SUM5cTVlLz6ZXcYMZHzWXoy0pOreKKLzsWBq5muQ==",
      "requires": {
        "get-ip-range": "^2.1.0",
        "ip": "^1.1.5",
        "mz": "^2.7.0"
      }
    },
    "lodash.find": {
      "version": "4.6.0",
      "resolved": "https://registry.npmjs.org/lodash.find/-/lodash.find-4.6.0.tgz",
      "integrity": "sha1-ywcE1Hq3F4n/oN6Ll92Sb7iLE7E="
    },
    "lodash.max": {
      "version": "4.0.1",
      "resolved": "https://registry.npmjs.org/lodash.max/-/lodash.max-4.0.1.tgz",
      "integrity": "sha1-hzVWbGGLNan3YFILSHrnllivE2o="
    },
    "lodash.merge": {
      "version": "4.6.2",
      "resolved": "https://registry.npmjs.org/lodash.merge/-/lodash.merge-4.6.2.tgz",
      "integrity": "sha512-0KpjqXRVvrYyCsX1swR/XTK0va6VQkQM6MNo7PqW77ByjAhoARA8EfrP1N4+KlKj8YS0ZUCtRT/YUuhyYDujIQ=="
    },
    "lodash.padstart": {
      "version": "4.6.1",
      "resolved": "https://registry.npmjs.org/lodash.padstart/-/lodash.padstart-4.6.1.tgz",
      "integrity": "sha1-0uPuv/DZ05rVD1y9G1KnvOa7YRs="
    },
    "lodash.repeat": {
      "version": "4.1.0",
      "resolved": "https://registry.npmjs.org/lodash.repeat/-/lodash.repeat-4.1.0.tgz",
      "integrity": "sha1-/H3oEx2MisB+S0n3T/6CnR8r7EQ="
    },
    "make-error": {
      "version": "1.3.6",
      "resolved": "https://registry.npmjs.org/make-error/-/make-error-1.3.6.tgz",
      "integrity": "sha512-s8UhlNe7vPKomQhC1qFelMokr/Sc3AgNbso3n74mVPA5LTZwkB9NlXf4XPamLxJE8h0gh73rM94xvwRT2CVInw=="
    },
    "make-error-cause": {
      "version": "2.3.0",
      "resolved": "https://registry.npmjs.org/make-error-cause/-/make-error-cause-2.3.0.tgz",
      "integrity": "sha512-etgt+n4LlOkGSJbBTV9VROHA5R7ekIPS4vfh+bCAoJgRrJWdqJCBbpS3osRJ/HrT7R68MzMiY3L3sDJ/Fd8aBg==",
      "requires": {
        "make-error": "^1.3.5"
      }
    },
    "mz": {
      "version": "2.7.0",
      "resolved": "https://registry.npmjs.org/mz/-/mz-2.7.0.tgz",
      "integrity": "sha512-z81GNO7nnYMEhrGh9LeymoE4+Yr0Wn5McHIZMK5cfQCl+NDX08sCZgUc9/6MHni9IWuFLm1Z3HTCXu2z9fN62Q==",
      "requires": {
        "any-promise": "^1.0.0",
        "object-assign": "^4.0.1",
        "thenify-all": "^1.0.0"
      }
    },
    "node-fetch": {
      "version": "2.6.7",
      "resolved": "https://registry.npmjs.org/node-fetch/-/node-fetch-2.6.7.tgz",
      "integrity": "sha512-ZjMPFEfVx5j+y2yF35Kzx5sF7kDzxuDj6ziH4FFbOp87zKDZNx8yExJIb05OGF4Nlt9IHFIMBkRl41VdvcNdbQ==",
      "requires": {
        "whatwg-url": "^5.0.0"
      }
    },
    "object-assign": {
      "version": "4.1.1",
      "resolved": "https://registry.npmjs.org/object-assign/-/object-assign-4.1.1.tgz",
      "integrity": "sha1-IQmtx5ZYh8/AXLvUQsrIv7s2CGM="
    },
    "original": {
      "version": "1.0.2",
      "resolved": "https://registry.npmjs.org/original/-/original-1.0.2.tgz",
      "integrity": "sha512-hyBVl6iqqUOJ8FqRe+l/gS8H+kKYjrEndd5Pm1MfBtsEKA038HkkdbAl/72EAXGyonD/PFsvmVG+EvcIpliMBg==",
      "requires": {
        "url-parse": "^1.4.3"
      }
    },
    "popsicle": {
      "version": "12.1.0",
      "resolved": "https://registry.npmjs.org/popsicle/-/popsicle-12.1.0.tgz",
      "integrity": "sha512-muNC/cIrWhfR6HqqhHazkxjob3eyECBe8uZYSQ/N5vixNAgssacVleerXnE8Are5fspR0a+d2qWaBR1g7RYlmw==",
      "requires": {
        "popsicle-content-encoding": "^1.0.0",
        "popsicle-cookie-jar": "^1.0.0",
        "popsicle-redirects": "^1.1.0",
        "popsicle-transport-http": "^1.0.8",
        "popsicle-transport-xhr": "^2.0.0",
        "popsicle-user-agent": "^1.0.0",
        "servie": "^4.3.3",
        "throwback": "^4.1.0"
      }
    },
    "popsicle-content-encoding": {
      "version": "1.0.0",
      "resolved": "https://registry.npmjs.org/popsicle-content-encoding/-/popsicle-content-encoding-1.0.0.tgz",
      "integrity": "sha512-4Df+vTfM8wCCJVTzPujiI6eOl3SiWQkcZg0AMrOkD1enMXsF3glIkFUZGvour1Sj7jOWCsNSEhBxpbbhclHhzw=="
    },
    "popsicle-cookie-jar": {
      "version": "1.0.0",
      "resolved": "https://registry.npmjs.org/popsicle-cookie-jar/-/popsicle-cookie-jar-1.0.0.tgz",
      "integrity": "sha512-vrlOGvNVELko0+J8NpGC5lHWDGrk8LQJq9nwAMIVEVBfN1Lib3BLxAaLRGDTuUnvl45j5N9dT2H85PULz6IjjQ==",
      "requires": {
        "@types/tough-cookie": "^2.3.5",
        "tough-cookie": "^3.0.1"
      }
    },
    "popsicle-redirects": {
      "version": "1.1.0",
      "resolved": "https://registry.npmjs.org/popsicle-redirects/-/popsicle-redirects-1.1.0.tgz",
      "integrity": "sha512-XCpzVjVk7tty+IJnSdqWevmOr1n8HNDhL86v7mZ6T1JIIf2KGybxUk9mm7ZFOhWMkGB0e8XkacHip7BV8AQWQA=="
    },
    "popsicle-transport-http": {
      "version": "1.2.1",
      "resolved": "https://registry.npmjs.org/popsicle-transport-http/-/popsicle-transport-http-1.2.1.tgz",
      "integrity": "sha512-i5r3IGHkGiBDm1oPFvOfEeSGWR0lQJcsdTqwvvDjXqcTHYJJi4iSi3ecXIttDiTBoBtRAFAE9nF91fspQr63FQ==",
      "requires": {
        "make-error-cause": "^2.2.0"
      }
    },
    "popsicle-transport-xhr": {
      "version": "2.0.0",
      "resolved": "https://registry.npmjs.org/popsicle-transport-xhr/-/popsicle-transport-xhr-2.0.0.tgz",
      "integrity": "sha512-5Sbud4Widngf1dodJE5cjEYXkzEUIl8CzyYRYR57t6vpy9a9KPGQX6KBKdPjmBZlR5A06pOBXuJnVr23l27rtA=="
    },
    "popsicle-user-agent": {
      "version": "1.0.0",
      "resolved": "https://registry.npmjs.org/popsicle-user-agent/-/popsicle-user-agent-1.0.0.tgz",
      "integrity": "sha512-epKaq3TTfTzXcxBxjpoKYMcTTcAX8Rykus6QZu77XNhJuRHSRxMd+JJrbX/3PFI0opFGSN0BabbAYCbGxbu0mA=="
    },
    "psl": {
      "version": "1.8.0",
      "resolved": "https://registry.npmjs.org/psl/-/psl-1.8.0.tgz",
      "integrity": "sha512-RIdOzyoavK+hA18OGGWDqUTsCLhtA7IcZ/6NCs4fFJaHBDab+pDDmDIByWFRQJq2Cd7r1OoQxBGKOaztq+hjIQ=="
    },
    "punycode": {
      "version": "2.1.1",
      "resolved": "https://registry.npmjs.org/punycode/-/punycode-2.1.1.tgz",
      "integrity": "sha512-XRsRjdf+j5ml+y/6GKHPZbrF/8p2Yga0JPtdqTIY2Xe5ohJPD9saDJJLPvp9+NSBprVvevdXZybnj2cv8OEd0A=="
    },
    "querystringify": {
      "version": "2.2.0",
      "resolved": "https://registry.npmjs.org/querystringify/-/querystringify-2.2.0.tgz",
      "integrity": "sha512-FIqgj2EUvTa7R50u0rGsyTftzjYmv/a3hO345bZNrqabNqjtgiDMgmo4mkUjd+nzU5oF3dClKqFIPUKybUyqoQ=="
    },
    "requires-port": {
      "version": "1.0.0",
      "resolved": "https://registry.npmjs.org/requires-port/-/requires-port-1.0.0.tgz",
      "integrity": "sha1-kl0mAdOaxIXgkc8NpcbmlNw9yv8="
    },
    "rxjs": {
      "version": "5.5.11",
      "resolved": "https://registry.npmjs.org/rxjs/-/rxjs-5.5.11.tgz",
      "integrity": "sha512-3bjO7UwWfA2CV7lmwYMBzj4fQ6Cq+ftHc2MvUe+WMS7wcdJ1LosDWmdjPQanYp2dBRj572p7PeU81JUxHKOcBA==",
      "requires": {
        "symbol-observable": "1.0.1"
      },
      "dependencies": {
        "symbol-observable": {
          "version": "1.0.1",
          "resolved": "https://registry.npmjs.org/symbol-observable/-/symbol-observable-1.0.1.tgz",
          "integrity": "sha1-g0D8RwLDEi310iKI+IKD9RPT/dQ="
        }
      }
    },
    "safe-buffer": {
      "version": "5.1.2",
      "resolved": "https://registry.npmjs.org/safe-buffer/-/safe-buffer-5.1.2.tgz",
      "integrity": "sha512-Gd2UZBJDkXlY7GbJxfsE8/nvKkUEU1G38c1siN6QP6a9PT9MmHB8GnpscSmMJSoF8LOIrt8ud/wPtojys4G6+g=="
    },
    "servie": {
      "version": "4.3.3",
      "resolved": "https://registry.npmjs.org/servie/-/servie-4.3.3.tgz",
      "integrity": "sha512-b0IrY3b1gVMsWvJppCf19g1p3JSnS0hQi6xu4Hi40CIhf0Lx8pQHcvBL+xunShpmOiQzg1NOia812NAWdSaShw==",
      "requires": {
        "@servie/events": "^1.0.0",
        "byte-length": "^1.0.2",
        "ts-expect": "^1.1.0"
      }
    },
    "slugify": {
      "version": "1.6.5",
      "resolved": "https://registry.npmjs.org/slugify/-/slugify-1.6.5.tgz",
      "integrity": "sha512-8mo9bslnBO3tr5PEVFzMPIWwWnipGS0xVbYf65zxDqfNwmzYn1LpiKNrR6DlClusuvo+hDHd1zKpmfAe83NQSQ=="
    },
    "sprintf-js": {
      "version": "1.1.2",
      "resolved": "https://registry.npmjs.org/sprintf-js/-/sprintf-js-1.1.2.tgz",
      "integrity": "sha512-VE0SOVEHCk7Qc8ulkWw3ntAzXuqf7S2lvwQaDLRnUeIEaKNQJzV6BwmLKhOqT61aGhfUMrXeaBk+oDGCzvhcug=="
    },
    "symbol-observable": {
      "version": "1.2.0",
      "resolved": "https://registry.npmjs.org/symbol-observable/-/symbol-observable-1.2.0.tgz",
      "integrity": "sha512-e900nM8RRtGhlV36KGEU9k65K3mPb1WV70OdjfxlG2EAuM1noi/E/BaW/uMhL7bPEssK8QV57vN3esixjUvcXQ=="
    },
    "thenify": {
      "version": "3.3.1",
      "resolved": "https://registry.npmjs.org/thenify/-/thenify-3.3.1.tgz",
      "integrity": "sha512-RVZSIV5IG10Hk3enotrhvz0T9em6cyHBLkH/YAZuKqd8hRkKhSfCGIcP2KUY0EPxndzANBmNllzWPwak+bheSw==",
      "requires": {
        "any-promise": "^1.0.0"
      }
    },
    "thenify-all": {
      "version": "1.6.0",
      "resolved": "https://registry.npmjs.org/thenify-all/-/thenify-all-1.6.0.tgz",
      "integrity": "sha1-GhkY1ALY/D+Y+/I02wvMjMEOlyY=",
      "requires": {
        "thenify": ">= 3.1.0 < 4"
      }
    },
    "throwback": {
      "version": "4.1.0",
      "resolved": "https://registry.npmjs.org/throwback/-/throwback-4.1.0.tgz",
      "integrity": "sha512-dLFe8bU8SeH0xeqeKL7BNo8XoPC/o91nz9/ooeplZPiso+DZukhoyZcSz9TFnUNScm+cA9qjU1m1853M6sPOng=="
    },
    "tough-cookie": {
      "version": "3.0.1",
      "resolved": "https://registry.npmjs.org/tough-cookie/-/tough-cookie-3.0.1.tgz",
      "integrity": "sha512-yQyJ0u4pZsv9D4clxO69OEjLWYw+jbgspjTue4lTQZLfV0c5l1VmK2y1JK8E9ahdpltPOaAThPcp5nKPUgSnsg==",
      "requires": {
        "ip-regex": "^2.1.0",
        "psl": "^1.1.28",
        "punycode": "^2.1.1"
      }
    },
    "tr46": {
      "version": "0.0.3",
      "resolved": "https://registry.npmjs.org/tr46/-/tr46-0.0.3.tgz",
      "integrity": "sha1-gYT9NH2snNwYWZLzpmIuFLnZq2o="
    },
    "ts-expect": {
      "version": "1.3.0",
      "resolved": "https://registry.npmjs.org/ts-expect/-/ts-expect-1.3.0.tgz",
      "integrity": "sha512-e4g0EJtAjk64xgnFPD6kTBUtpnMVzDrMb12N1YZV0VvSlhnVT3SGxiYTLdGy8Q5cYHOIC/FAHmZ10eGrAguicQ=="
    },
    "uritemplate": {
      "version": "0.3.4",
      "resolved": "https://registry.npmjs.org/uritemplate/-/uritemplate-0.3.4.tgz",
      "integrity": "sha1-BdCoU/+8iw9Jqj1NKtd3sNHuBww="
    },
    "url-parse": {
      "version": "1.5.9",
      "resolved": "https://registry.npmjs.org/url-parse/-/url-parse-1.5.9.tgz",
      "integrity": "sha512-HpOvhKBvre8wYez+QhHcYiVvVmeF6DVnuSOOPhe3cTum3BnqHhvKaZm8FU5yTiOu/Jut2ZpB2rA/SbBA1JIGlQ==",
      "requires": {
        "querystringify": "^2.1.1",
        "requires-port": "^1.0.0"
      }
    },
    "url-toolkit": {
      "version": "2.1.6",
      "resolved": "https://registry.npmjs.org/url-toolkit/-/url-toolkit-2.1.6.tgz",
      "integrity": "sha512-UaZ2+50am4HwrV2crR/JAf63Q4VvPYphe63WGeoJxeu8gmOm0qxPt+KsukfakPNrX9aymGNEkkaoICwn+OuvBw=="
    },
    "uuid": {
      "version": "3.4.0",
      "resolved": "https://registry.npmjs.org/uuid/-/uuid-3.4.0.tgz",
      "integrity": "sha512-HjSDRw6gZE5JMggctHBcjVak08+KEVhSIiDzFnT9S9aegmp85S/bReBVTb4QTFaRNptJ9kuYaNhnbNEOkbKb/A=="
    },
    "vm2": {
      "version": "3.9.8",
      "resolved": "https://registry.npmjs.org/vm2/-/vm2-3.9.8.tgz",
      "integrity": "sha512-/1PYg/BwdKzMPo8maOZ0heT7DLI0DAFTm7YQaz/Lim9oIaFZsJs3EdtalvXuBfZwczNwsYhju75NW4d6E+4q+w==",
      "requires": {
        "acorn": "^8.7.0",
        "acorn-walk": "^8.2.0"
      }
    },
    "webidl-conversions": {
      "version": "3.0.1",
      "resolved": "https://registry.npmjs.org/webidl-conversions/-/webidl-conversions-3.0.1.tgz",
      "integrity": "sha1-JFNCdeKnvGvnvIZhHMFq4KVlSHE="
    },
    "whatwg-url": {
      "version": "5.0.0",
      "resolved": "https://registry.npmjs.org/whatwg-url/-/whatwg-url-5.0.0.tgz",
      "integrity": "sha1-lmRU6HZUYuN2RNNib2dCzotwll0=",
      "requires": {
        "tr46": "~0.0.3",
        "webidl-conversions": "^3.0.0"
      }
    },
    "wot-typescript-definitions": {
      "version": "0.7.3",
      "resolved": "https://registry.npmjs.org/wot-typescript-definitions/-/wot-typescript-definitions-0.7.3.tgz",
      "integrity": "sha512-872xlDFpN+k2welJt7b1cqf9lBViZNWY5Q6blyuViYyypIrvr089KjYx3XVkBBinDr3hml3ulP6Hacu+w4N2Ow==",
      "requires": {
        "rxjs": "5.4.3"
      },
      "dependencies": {
        "rxjs": {
          "version": "5.4.3",
          "resolved": "https://registry.npmjs.org/rxjs/-/rxjs-5.4.3.tgz",
          "integrity": "sha512-fSNi+y+P9ss+EZuV0GcIIqPUK07DEaMRUtLJvdcvMyFjc9dizuDjere+A4V7JrLGnm9iCc+nagV/4QdMTkqC4A==",
          "requires": {
            "symbol-observable": "^1.0.1"
          }
        }
      }
    }
  }
}
